
Microsoft Visual Studio Solution File, Format Version 12.00
# Visual Studio Version 17
VisualStudioVersion = 17.2.32414.248
MinimumVisualStudioVersion = 10.0.40219.1
Project("{9A19103F-16F7-4668-BE54-9A1E7A4F7556}") = "StaticCast", "StaticCast\StaticCast.csproj", "{748497DF-58A0-4638-8B35-4209F5CB98E1}"
EndProject
Project("{2150E333-8FDC-42A3-9474-1A3956D46DE8}") = "Solution Items", "Solution Items", "{1615F439-92EC-4FA3-AC71-4C1D2E549C76}"
	ProjectSection(SolutionItems) = preProject
		.editorconfig = .editorconfig
		Directory.Build.props = Directory.Build.props
	EndProjectSection
EndProject
Project("{9A19103F-16F7-4668-BE54-9A1E7A4F7556}") = "StaticCast.Tests", "StaticCast.Tests\StaticCast.Tests.csproj", "{5E532B9A-0122-4137-A0C8-334CE8102ECF}"
EndProject
Project("{FAE04EC0-301F-11D3-BF4B-00C04F79EFBC}") = "StaticCast.IntegrationTests", "StaticCast.IntegrationTests\StaticCast.IntegrationTests.csproj", "{6F18DE15-5E90-40DE-B880-B6BC4130B457}"
EndProject
Global
	GlobalSection(SolutionConfigurationPlatforms) = preSolution
		Debug|Any CPU = Debug|Any CPU
		Release|Any CPU = Release|Any CPU
	EndGlobalSection
	GlobalSection(ProjectConfigurationPlatforms) = postSolution
		{748497DF-58A0-4638-8B35-4209F5CB98E1}.Debug|Any CPU.ActiveCfg = Debug|Any CPU
		{748497DF-58A0-4638-8B35-4209F5CB98E1}.Debug|Any CPU.Build.0 = Debug|Any CPU
		{748497DF-58A0-4638-8B35-4209F5CB98E1}.Release|Any CPU.ActiveCfg = Release|Any CPU
		{748497DF-58A0-4638-8B35-4209F5CB98E1}.Release|Any CPU.Build.0 = Release|Any CPU
		{5E532B9A-0122-4137-A0C8-334CE8102ECF}.Debug|Any CPU.ActiveCfg = Debug|Any CPU
		{5E532B9A-0122-4137-A0C8-334CE8102ECF}.Debug|Any CPU.Build.0 = Debug|Any CPU
		{5E532B9A-0122-4137-A0C8-334CE8102ECF}.Release|Any CPU.ActiveCfg = Release|Any CPU
		{5E532B9A-0122-4137-A0C8-334CE8102ECF}.Release|Any CPU.Build.0 = Release|Any CPU
		{6F18DE15-5E90-40DE-B880-B6BC4130B457}.Debug|Any CPU.ActiveCfg = Debug|Any CPU
		{6F18DE15-5E90-40DE-B880-B6BC4130B457}.Debug|Any CPU.Build.0 = Debug|Any CPU
		{6F18DE15-5E90-40DE-B880-B6BC4130B457}.Release|Any CPU.ActiveCfg = Release|Any CPU
		{6F18DE15-5E90-40DE-B880-B6BC4130B457}.Release|Any CPU.Build.0 = Release|Any CPU
	EndGlobalSection
	GlobalSection(SolutionProperties) = preSolution
		HideSolutionNode = FALSE
	EndGlobalSection
	GlobalSection(ExtensibilityGlobals) = postSolution
		SolutionGuid = {0563AA47-70BE-47BA-9242-F53215E2372A}
	EndGlobalSection
EndGlobal
